// !$*UTF8*$!
{
	archiveVersion = 1;
	classes = {
	};
	objectVersion = 50;
	objects = {

/* Begin PBXBuildFile section */
		2CC118D723C352BA006B18A4 /* AppDelegate.swift in Sources */ = {isa = PBXBuildFile; fileRef = 2CC118D623C352BA006B18A4 /* AppDelegate.swift */; };
		2CC118D923C352BA006B18A4 /* SceneDelegate.swift in Sources */ = {isa = PBXBuildFile; fileRef = 2CC118D823C352BA006B18A4 /* SceneDelegate.swift */; };
		2CC118DB23C352BA006B18A4 /* ViewController.swift in Sources */ = {isa = PBXBuildFile; fileRef = 2CC118DA23C352BA006B18A4 /* ViewController.swift */; };
		2CC118DE23C352BA006B18A4 /* Main.storyboard in Resources */ = {isa = PBXBuildFile; fileRef = 2CC118DC23C352BA006B18A4 /* Main.storyboard */; };
		2CC118E023C352BC006B18A4 /* Assets.xcassets in Resources */ = {isa = PBXBuildFile; fileRef = 2CC118DF23C352BC006B18A4 /* Assets.xcassets */; };
		2CC118E323C352BC006B18A4 /* LaunchScreen.storyboard in Resources */ = {isa = PBXBuildFile; fileRef = 2CC118E123C352BC006B18A4 /* LaunchScreen.storyboard */; };
		2CC118EF23C353A0006B18A4 /* DacastPlayer.swift in Sources */ = {isa = PBXBuildFile; fileRef = 2CC118EE23C353A0006B18A4 /* DacastPlayer.swift */; };
		2CC118F223C39B55006B18A4 /* THEOplayerSDK.framework in Frameworks */ = {isa = PBXBuildFile; fileRef = 2CC118F123C39B55006B18A4 /* THEOplayerSDK.framework */; };
		2CC118F323C39B55006B18A4 /* THEOplayerSDK.framework in Embed Frameworks */ = {isa = PBXBuildFile; fileRef = 2CC118F123C39B55006B18A4 /* THEOplayerSDK.framework */; settings = {ATTRIBUTES = (CodeSignOnCopy, RemoveHeadersOnCopy, ); }; };
/* End PBXBuildFile section */

/* Begin PBXCopyFilesBuildPhase section */
		2CC118F423C39B55006B18A4 /* Embed Frameworks */ = {
			isa = PBXCopyFilesBuildPhase;
			buildActionMask = 2147483647;
			dstPath = "";
			dstSubfolderSpec = 10;
			files = (
				2CC118F323C39B55006B18A4 /* THEOplayerSDK.framework in Embed Frameworks */,
			);
			name = "Embed Frameworks";
			runOnlyForDeploymentPostprocessing = 0;
		};
/* End PBXCopyFilesBuildPhase section */

/* Begin PBXFileReference section */
		2CC118D323C352BA006B18A4 /* ios.app */ = {isa = PBXFileReference; explicitFileType = wrapper.application; includeInIndex = 0; path = ios.app; sourceTree = BUILT_PRODUCTS_DIR; };
		2CC118D623C352BA006B18A4 /* AppDelegate.swift */ = {isa = PBXFileReference; lastKnownFileType = sourcecode.swift; path = AppDelegate.swift; sourceTree = "<group>"; };
		2CC118D823C352BA006B18A4 /* SceneDelegate.swift */ = {isa = PBXFileReference; lastKnownFileType = sourcecode.swift; path = SceneDelegate.swift; sourceTree = "<group>"; };
		2CC118DA23C352BA006B18A4 /* ViewController.swift */ = {isa = PBXFileReference; lastKnownFileType = sourcecode.swift; path = ViewController.swift; sourceTree = "<group>"; };
		2CC118DD23C352BA006B18A4 /* Base */ = {isa = PBXFileReference; lastKnownFileType = file.storyboard; name = Base; path = Base.lproj/Main.storyboard; sourceTree = "<group>"; };
		2CC118DF23C352BC006B18A4 /* Assets.xcassets */ = {isa = PBXFileReference; lastKnownFileType = folder.assetcatalog; path = Assets.xcassets; sourceTree = "<group>"; };
		2CC118E223C352BC006B18A4 /* Base */ = {isa = PBXFileReference; lastKnownFileType = file.storyboard; name = Base; path = Base.lproj/LaunchScreen.storyboard; sourceTree = "<group>"; };
		2CC118E423C352BC006B18A4 /* Info.plist */ = {isa = PBXFileReference; lastKnownFileType = text.plist.xml; path = Info.plist; sourceTree = "<group>"; };
		2CC118EE23C353A0006B18A4 /* DacastPlayer.swift */ = {isa = PBXFileReference; lastKnownFileType = sourcecode.swift; path = DacastPlayer.swift; sourceTree = "<group>"; };
		2CC118F123C39B55006B18A4 /* THEOplayerSDK.framework */ = {isa = PBXFileReference; lastKnownFileType = wrapper.framework; name = THEOplayerSDK.framework; path = "../../../../Downloads/iOSSDK-2.66.2-iosdacast20171106/THEOplayerSDK.framework"; sourceTree = "<group>"; };
/* End PBXFileReference section */

/* Begin PBXFrameworksBuildPhase section */
		2CC118D023C352BA006B18A4 /* Frameworks */ = {
			isa = PBXFrameworksBuildPhase;
			buildActionMask = 2147483647;
			files = (
				2CC118F223C39B55006B18A4 /* THEOplayerSDK.framework in Frameworks */,
			);
			runOnlyForDeploymentPostprocessing = 0;
		};
/* End PBXFrameworksBuildPhase section */

/* Begin PBXGroup section */
		2CC118CA23C352BA006B18A4 = {
			isa = PBXGroup;
			children = (
				2CC118D523C352BA006B18A4 /* ios */,
				2CC118D423C352BA006B18A4 /* Products */,
				2CC118F023C39B55006B18A4 /* Frameworks */,
			);
			sourceTree = "<group>";
		};
		2CC118D423C352BA006B18A4 /* Products */ = {
			isa = PBXGroup;
			children = (
				2CC118D323C352BA006B18A4 /* ios.app */,
			);
			name = Products;
			sourceTree = "<group>";
		};
		2CC118D523C352BA006B18A4 /* ios */ = {
			isa = PBXGroup;
			children = (
				2CC118D623C352BA006B18A4 /* AppDelegate.swift */,
				2CC118D823C352BA006B18A4 /* SceneDelegate.swift */,
				2CC118DA23C352BA006B18A4 /* ViewController.swift */,
				2CC118DC23C352BA006B18A4 /* Main.storyboard */,
				2CC118DF23C352BC006B18A4 /* Assets.xcassets */,
				2CC118E123C352BC006B18A4 /* LaunchScreen.storyboard */,
				2CC118E423C352BC006B18A4 /* Info.plist */,
				2CC118EE23C353A0006B18A4 /* DacastPlayer.swift */,
			);
			path = ios;
			sourceTree = "<group>";
		};
		2CC118F023C39B55006B18A4 /* Frameworks */ = {
			isa = PBXGroup;
			children = (
				2CC118F123C39B55006B18A4 /* THEOplayerSDK.framework */,
			);
			name = Frameworks;
			sourceTree = "<group>";
		};
/* End PBXGroup section */

/* Begin PBXNativeTarget section */
		2CC118D223C352BA006B18A4 /* ios */ = {
			isa = PBXNativeTarget;
			buildConfigurationList = 2CC118E723C352BC006B18A4 /* Build configuration list for PBXNativeTarget "ios" */;
			buildPhases = (
				2CC118CF23C352BA006B18A4 /* Sources */,
				2CC118D023C352BA006B18A4 /* Frameworks */,
				2CC118D123C352BA006B18A4 /* Resources */,
				2CC118F423C39B55006B18A4 /* Embed Frameworks */,
			);
			buildRules = (
			);
			dependencies = (
			);
			name = ios;
			productName = ios;
			productReference = 2CC118D323C352BA006B18A4 /* ios.app */;
			productType = "com.apple.product-type.application";
		};
/* End PBXNativeTarget section */

/* Begin PBXProject section */
		2CC118CB23C352BA006B18A4 /* Project object */ = {
			isa = PBXProject;
			attributes = {
				LastSwiftUpdateCheck = 1130;
				LastUpgradeCheck = 1130;
				ORGANIZATIONNAME = "marcus petty-saphon";
				TargetAttributes = {
					2CC118D223C352BA006B18A4 = {
						CreatedOnToolsVersion = 11.3;
					};
				};
			};
			buildConfigurationList = 2CC118CE23C352BA006B18A4 /* Build configuration list for PBXProject "ios" */;
			compatibilityVersion = "Xcode 9.3";
			developmentRegion = en;
			hasScannedForEncodings = 0;
			knownRegions = (
				en,
				Base,
			);
			mainGroup = 2CC118CA23C352BA006B18A4;
			productRefGroup = 2CC118D423C352BA006B18A4 /* Products */;
			projectDirPath = "";
			projectRoot = "";
			targets = (
				2CC118D223C352BA006B18A4 /* ios */,
			);
		};
/* End PBXProject section */

/* Begin PBXResourcesBuildPhase section */
		2CC118D123C352BA006B18A4 /* Resources */ = {
			isa = PBXResourcesBuildPhase;
			buildActionMask = 2147483647;
			files = (
				2CC118E323C352BC006B18A4 /* LaunchScreen.storyboard in Resources */,
				2CC118E023C352BC006B18A4 /* Assets.xcassets in Resources */,
				2CC118DE23C352BA006B18A4 /* Main.storyboard in Resources */,
			);
			runOnlyForDeploymentPostprocessing = 0;
		};
/* End PBXResourcesBuildPhase section */

/* Begin PBXSourcesBuildPhase section */
		2CC118CF23C352BA006B18A4 /* Sources */ = {
			isa = PBXSourcesBuildPhase;
			buildActionMask = 2147483647;
			files = (
				2CC118DB23C352BA006B18A4 /* ViewController.swift in Sources */,
				2CC118D723C352BA006B18A4 /* AppDelegate.swift in Sources */,
				2CC118EF23C353A0006B18A4 /* DacastPlayer.swift in Sources */,
				2CC118D923C352BA006B18A4 /* SceneDelegate.swift in Sources */,
			);
			runOnlyForDeploymentPostprocessing = 0;
		};
/* End PBXSourcesBuildPhase section */

/* Begin PBXVariantGroup section */
		2CC118DC23C352BA006B18A4 /* Main.storyboard */ = {
			isa = PBXVariantGroup;
			children = (
				2CC118DD23C352BA006B18A4 /* Base */,
			);
			name = Main.storyboard;
			sourceTree = "<group>";
		};
		2CC118E123C352BC006B18A4 /* LaunchScreen.storyboard */ = {
			isa = PBXVariantGroup;
			children = (
				2CC118E223C352BC006B18A4 /* Base */,
			);
			name = LaunchScreen.storyboard;
			sourceTree = "<group>";
		};
/* End PBXVariantGroup section */

/* Begin XCBuildConfiguration section */
		2CC118E523C352BC006B18A4 /* Debug */ = {
			isa = XCBuildConfiguration;
			buildSettings = {
				ALWAYS_SEARCH_USER_PATHS = NO;
				CLANG_ANALYZER_NONNULL = YES;
				CLANG_ANALYZER_NUMBER_OBJECT_CONVERSION = YES_AGGRESSIVE;
				CLANG_CXX_LANGUAGE_STANDARD = "gnu++14";
				CLANG_CXX_LIBRARY = "libc++";
				CLANG_ENABLE_MODULES = YES;
				CLANG_ENABLE_OBJC_ARC = YES;
				CLANG_ENABLE_OBJC_WEAK = YES;
				CLANG_WARN_BLOCK_CAPTURE_AUTORELEASING = YES;
				CLANG_WARN_BOOL_CONVERSION = YES;
				CLANG_WARN_COMMA = YES;
				CLANG_WARN_CONSTANT_CONVERSION = YES;
				CLANG_WARN_DEPRECATED_OBJC_IMPLEMENTATIONS = YES;
				CLANG_WARN_DIRECT_OBJC_ISA_USAGE = YES_ERROR;
				CLANG_WARN_DOCUMENTATION_COMMENTS = YES;
				CLANG_WARN_EMPTY_BODY = YES;
				CLANG_WARN_ENUM_CONVERSION = YES;
				CLANG_WARN_INFINITE_RECURSION = YES;
				CLANG_WARN_INT_CONVERSION = YES;
				CLANG_WARN_NON_LITERAL_NULL_CONVERSION = YES;
				CLANG_WARN_OBJC_IMPLICIT_RETAIN_SELF = YES;
				CLANG_WARN_OBJC_LITERAL_CONVERSION = YES;
				CLANG_WARN_OBJC_ROOT_CLASS = YES_ERROR;
				CLANG_WARN_RANGE_LOOP_ANALYSIS = YES;
				CLANG_WARN_STRICT_PROTOTYPES = YES;
				CLANG_WARN_SUSPICIOUS_MOVE = YES;
				CLANG_WARN_UNGUARDED_AVAILABILITY = YES_AGGRESSIVE;
				CLANG_WARN_UNREACHABLE_CODE = YES;
				CLANG_WARN__DUPLICATE_METHOD_MATCH = YES;
				COPY_PHASE_STRIP = NO;
				DEBUG_INFORMATION_FORMAT = dwarf;
				ENABLE_STRICT_OBJC_MSGSEND = YES;
				ENABLE_TESTABILITY = YES;
				GCC_C_LANGUAGE_STANDARD = gnu11;
				GCC_DYNAMIC_NO_PIC = NO;
				GCC_NO_COMMON_BLOCKS = YES;
				GCC_OPTIMIZATION_LEVEL = 0;
				GCC_PREPROCESSOR_DEFINITIONS = (
					"DEBUG=1",
					"$(inherited)",
				);
				GCC_WARN_64_TO_32_BIT_CONVERSION = YES;
				GCC_WARN_ABOUT_RETURN_TYPE = YES_ERROR;
				GCC_WARN_UNDECLARED_SELECTOR = YES;
				GCC_WARN_UNINITIALIZED_AUTOS = YES_AGGRESSIVE;
				GCC_WARN_UNUSED_FUNCTION = YES;
				GCC_WARN_UNUSED_VARIABLE = YES;
				IPHONEOS_DEPLOYMENT_TARGET = 13.2;
				MTL_ENABLE_DEBUG_INFO = INCLUDE_SOURCE;
				MTL_FAST_MATH = YES;
				ONLY_ACTIVE_ARCH = YES;
				SDKROOT = iphoneos;
				SWIFT_ACTIVE_COMPILATION_CONDITIONS = DEBUG;
				SWIFT_OPTIMIZATION_LEVEL = "-Onone";
				SWIFT_VERSION = 5.0;
			};
			name = Debug;
		};
		2CC118E623C352BC006B18A4 /* Release */ = {
			isa = XCBuildConfiguration;
			buildSettings = {
				ALWAYS_SEARCH_USER_PATHS = NO;
				CLANG_ANALYZER_NONNULL = YES;
				CLANG_ANALYZER_NUMBER_OBJECT_CONVERSION = YES_AGGRESSIVE;
				CLANG_CXX_LANGUAGE_STANDARD = "gnu++14";
				CLANG_CXX_LIBRARY = "libc++";
				CLANG_ENABLE_MODULES = YES;
				CLANG_ENABLE_OBJC_ARC = YES;
				CLANG_ENABLE_OBJC_WEAK = YES;
				CLANG_WARN_BLOCK_CAPTURE_AUTORELEASING = YES;
				CLANG_WARN_BOOL_CONVERSION = YES;
				CLANG_WARN_COMMA = YES;
				CLANG_WARN_CONSTANT_CONVERSION = YES;
				CLANG_WARN_DEPRECATED_OBJC_IMPLEMENTATIONS = YES;
				CLANG_WARN_DIRECT_OBJC_ISA_USAGE = YES_ERROR;
				CLANG_WARN_DOCUMENTATION_COMMENTS = YES;
				CLANG_WARN_EMPTY_BODY = YES;
				CLANG_WARN_ENUM_CONVERSION = YES;
				CLANG_WARN_INFINITE_RECURSION = YES;
				CLANG_WARN_INT_CONVERSION = YES;
				CLANG_WARN_NON_LITERAL_NULL_CONVERSION = YES;
				CLANG_WARN_OBJC_IMPLICIT_RETAIN_SELF = YES;
				CLANG_WARN_OBJC_LITERAL_CONVERSION = YES;
				CLANG_WARN_OBJC_ROOT_CLASS = YES_ERROR;
				CLANG_WARN_RANGE_LOOP_ANALYSIS = YES;
				CLANG_WARN_STRICT_PROTOTYPES = YES;
				CLANG_WARN_SUSPICIOUS_MOVE = YES;
				CLANG_WARN_UNGUARDED_AVAILABILITY = YES_AGGRESSIVE;
				CLANG_WARN_UNREACHABLE_CODE = YES;
				CLANG_WARN__DUPLICATE_METHOD_MATCH = YES;
				COPY_PHASE_STRIP = NO;
				DEBUG_INFORMATION_FORMAT = "dwarf-with-dsym";
				ENABLE_NS_ASSERTIONS = NO;
				ENABLE_STRICT_OBJC_MSGSEND = YES;
				GCC_C_LANGUAGE_STANDARD = gnu11;
				GCC_NO_COMMON_BLOCKS = YES;
				GCC_WARN_64_TO_32_BIT_CONVERSION = YES;
				GCC_WARN_ABOUT_RETURN_TYPE = YES_ERROR;
				GCC_WARN_UNDECLARED_SELECTOR = YES;
				GCC_WARN_UNINITIALIZED_AUTOS = YES_AGGRESSIVE;
				GCC_WARN_UNUSED_FUNCTION = YES;
				GCC_WARN_UNUSED_VARIABLE = YES;
				IPHONEOS_DEPLOYMENT_TARGET = 13.2;
				MTL_ENABLE_DEBUG_INFO = NO;
				MTL_FAST_MATH = YES;
				SDKROOT = iphoneos;
				SWIFT_COMPILATION_MODE = wholemodule;
				SWIFT_OPTIMIZATION_LEVEL = "-O";
				SWIFT_VERSION = 5.0;
				VALIDATE_PRODUCT = YES;
			};
			name = Release;
		};
		2CC118E823C352BC006B18A4 /* Debug */ = {
			isa = XCBuildConfiguration;
			buildSettings = {
				ASSETCATALOG_COMPILER_APPICON_NAME = AppIcon;
				CODE_SIGN_STYLE = Automatic;
				FRAMEWORK_SEARCH_PATHS = (
					"$(inherited)",
					"$(PROJECT_DIR)",
				);
				INFOPLIST_FILE = ios/Info.plist;
				LD_RUNPATH_SEARCH_PATHS = (
					"$(inherited)",
					"@executable_path/Frameworks",
				);
				PRODUCT_BUNDLE_IDENTIFIER = dacast.ios;
				PRODUCT_NAME = "$(TARGET_NAME)";
				SWIFT_VERSION = 5.0;
				TARGETED_DEVICE_FAMILY = "1,2";
			};
			name = Debug;
		};
		2CC118E923C352BC006B18A4 /* Release */ = {
			isa = XCBuildConfiguration;
			buildSettings = {
				ASSETCATALOG_COMPILER_APPICON_NAME = AppIcon;
				CODE_SIGN_STYLE = Automatic;
				FRAMEWORK_SEARCH_PATHS = (
					"$(inherited)",
					"$(PROJECT_DIR)",
				);
				INFOPLIST_FILE = ios/Info.plist;
				LD_RUNPATH_SEARCH_PATHS = (
					"$(inherited)",
					"@executable_path/Frameworks",
				);
				PRODUCT_BUNDLE_IDENTIFIER = dacast.ios;
				PRODUCT_NAME = "$(TARGET_NAME)";
				SWIFT_VERSION = 5.0;
				TARGETED_DEVICE_FAMILY = "1,2";
			};
			name = Release;
		};
/* End XCBuildConfiguration section */

/* Begin XCConfigurationList section */
		2CC118CE23C352BA006B18A4 /* Build configuration list for PBXProject "ios" */ = {
			isa = XCConfigurationList;
			buildConfigurations = (
				2CC118E523C352BC006B18A4 /* Debug */,
				2CC118E623C352BC006B18A4 /* Release */,
			);
			defaultConfigurationIsVisible = 0;
			defaultConfigurationName = Release;
		};
		2CC118E723C352BC006B18A4 /* Build configuration list for PBXNativeTarget "ios" */ = {
			isa = XCConfigurationList;
			buildConfigurations = (
				2CC118E823C352BC006B18A4 /* Debug */,
				2CC118E923C352BC006B18A4 /* Release */,
			);
			defaultConfigurationIsVisible = 0;
			defaultConfigurationName = Release;
		};
/* End XCConfigurationList section */
	};
	rootObject = 2CC118CB23C352BA006B18A4 /* Project object */;
}
